
Microsoft Visual Studio Solution File, Format Version 12.00
# Visual Studio Version 17
VisualStudioVersion = 17.0.31903.59
MinimumVisualStudioVersion = 10.0.40219.1
Project("{FAE04EC0-301F-11D3-BF4B-00C04F79EFBC}") = "UniversalPrivilegeTax.Core", "UniversalPrivilegeTax.Core\UniversalPrivilegeTax.Core.csproj", "{1B59C33A-2468-46D0-9D37-A157D009A394}"
EndProject
Project("{FAE04EC0-301F-11D3-BF4B-00C04F79EFBC}") = "UniversalPrivilegeTax.Infrastructure", "UniversalPrivilegeTax.Infrastructure\UniversalPrivilegeTax.Infrastructure.csproj", "{9BE1E625-50DB-4518-9DD8-042BB512AC81}"
EndProject
Project("{FAE04EC0-301F-11D3-BF4B-00C04F79EFBC}") = "UniversalPrivilegeTax.Api", "UniversalPrivilegeTax.Api\UniversalPrivilegeTax.Api.csproj", "{2057C09E-FA1B-4F3A-BCC1-0A880534DF77}"
EndProject
Project("{FAE04EC0-301F-11D3-BF4B-00C04F79EFBC}") = "UniversalPrivilegeTax.Tests", "UniversalPrivilegeTax.Tests\UniversalPrivilegeTax.Tests.csproj", "{2E6764CF-5E55-4B2D-9DB3-C1F0D627DC5B}"
EndProject
Global
	GlobalSection(SolutionConfigurationPlatforms) = preSolution
		Debug|Any CPU = Debug|Any CPU
		Release|Any CPU = Release|Any CPU
	EndGlobalSection
	GlobalSection(SolutionProperties) = preSolution
		HideSolutionNode = FALSE
	EndGlobalSection
	GlobalSection(ProjectConfigurationPlatforms) = postSolution
		{1B59C33A-2468-46D0-9D37-A157D009A394}.Debug|Any CPU.ActiveCfg = Debug|Any CPU
		{1B59C33A-2468-46D0-9D37-A157D009A394}.Debug|Any CPU.Build.0 = Debug|Any CPU
		{1B59C33A-2468-46D0-9D37-A157D009A394}.Release|Any CPU.ActiveCfg = Release|Any CPU
		{1B59C33A-2468-46D0-9D37-A157D009A394}.Release|Any CPU.Build.0 = Release|Any CPU
		{9BE1E625-50DB-4518-9DD8-042BB512AC81}.Debug|Any CPU.ActiveCfg = Debug|Any CPU
		{9BE1E625-50DB-4518-9DD8-042BB512AC81}.Debug|Any CPU.Build.0 = Debug|Any CPU
		{9BE1E625-50DB-4518-9DD8-042BB512AC81}.Release|Any CPU.ActiveCfg = Release|Any CPU
		{9BE1E625-50DB-4518-9DD8-042BB512AC81}.Release|Any CPU.Build.0 = Release|Any CPU
		{2057C09E-FA1B-4F3A-BCC1-0A880534DF77}.Debug|Any CPU.ActiveCfg = Debug|Any CPU
		{2057C09E-FA1B-4F3A-BCC1-0A880534DF77}.Debug|Any CPU.Build.0 = Debug|Any CPU
		{2057C09E-FA1B-4F3A-BCC1-0A880534DF77}.Release|Any CPU.ActiveCfg = Release|Any CPU
		{2057C09E-FA1B-4F3A-BCC1-0A880534DF77}.Release|Any CPU.Build.0 = Release|Any CPU
		{2E6764CF-5E55-4B2D-9DB3-C1F0D627DC5B}.Debug|Any CPU.ActiveCfg = Debug|Any CPU
		{2E6764CF-5E55-4B2D-9DB3-C1F0D627DC5B}.Debug|Any CPU.Build.0 = Debug|Any CPU
		{2E6764CF-5E55-4B2D-9DB3-C1F0D627DC5B}.Release|Any CPU.ActiveCfg = Release|Any CPU
		{2E6764CF-5E55-4B2D-9DB3-C1F0D627DC5B}.Release|Any CPU.Build.0 = Release|Any CPU
	EndGlobalSection
EndGlobal
